// !$*UTF8*$!
{
	archiveVersion = 1;
	classes = {
	};
	objectVersion = 56;
	objects = {

/* Begin PBXBuildFile section */
		4E1111FB2A95F11000D4E550 /* AppDelegate.swift in Sources */ = {isa = PBXBuildFile; fileRef = 4E1111FA2A95F11000D4E550 /* AppDelegate.swift */; };
		4E1111FD2A95F11000D4E550 /* SceneDelegate.swift in Sources */ = {isa = PBXBuildFile; fileRef = 4E1111FC2A95F11000D4E550 /* SceneDelegate.swift */; };
		4E1111FF2A95F11000D4E550 /* ViewController.swift in Sources */ = {isa = PBXBuildFile; fileRef = 4E1111FE2A95F11000D4E550 /* ViewController.swift */; };
		4E1112052A95F11000D4E550 /* ToDO.xcdatamodeld in Sources */ = {isa = PBXBuildFile; fileRef = 4E1112032A95F11000D4E550 /* ToDO.xcdatamodeld */; };
		4E1112072A95F11100D4E550 /* Assets.xcassets in Resources */ = {isa = PBXBuildFile; fileRef = 4E1112062A95F11100D4E550 /* Assets.xcassets */; };
		4E11120A2A95F11100D4E550 /* LaunchScreen.storyboard in Resources */ = {isa = PBXBuildFile; fileRef = 4E1112082A95F11100D4E550 /* LaunchScreen.storyboard */; };
		4E1112152A95F11100D4E550 /* ToDOTests.swift in Sources */ = {isa = PBXBuildFile; fileRef = 4E1112142A95F11100D4E550 /* ToDOTests.swift */; };
		4E11121F2A95F11100D4E550 /* ToDOUITests.swift in Sources */ = {isa = PBXBuildFile; fileRef = 4E11121E2A95F11100D4E550 /* ToDOUITests.swift */; };
		4E1112212A95F11100D4E550 /* ToDOUITestsLaunchTests.swift in Sources */ = {isa = PBXBuildFile; fileRef = 4E1112202A95F11100D4E550 /* ToDOUITestsLaunchTests.swift */; };
		4E1112352A97487300D4E550 /* TodoCell.swift in Sources */ = {isa = PBXBuildFile; fileRef = 4E1112342A97487300D4E550 /* TodoCell.swift */; };
		4E1112382A974D9B00D4E550 /* SnapKit in Frameworks */ = {isa = PBXBuildFile; productRef = 4E1112372A974D9B00D4E550 /* SnapKit */; };
		4E11123A2A97512D00D4E550 /* MainVC.swift in Sources */ = {isa = PBXBuildFile; fileRef = 4E1112392A97512D00D4E550 /* MainVC.swift */; };
		4E11123C2A9C6D5300D4E550 /* UserDefaultsManager.swift in Sources */ = {isa = PBXBuildFile; fileRef = 4E11123B2A9C6D5300D4E550 /* UserDefaultsManager.swift */; };
		4E11123E2A9C6D9E00D4E550 /* petViewController.swift in Sources */ = {isa = PBXBuildFile; fileRef = 4E11123D2A9C6D9E00D4E550 /* petViewController.swift */; };
		4E1112402A9C994C00D4E550 /* DoneViewController.swift in Sources */ = {isa = PBXBuildFile; fileRef = 4E11123F2A9C994C00D4E550 /* DoneViewController.swift */; };
		4E1112422A9CB58D00D4E550 /* DateManager.swift in Sources */ = {isa = PBXBuildFile; fileRef = 4E1112412A9CB58D00D4E550 /* DateManager.swift */; };
		4E1112442A9D9B7900D4E550 /* Section.swift in Sources */ = {isa = PBXBuildFile; fileRef = 4E1112432A9D9B7900D4E550 /* Section.swift */; };
/* End PBXBuildFile section */

/* Begin PBXContainerItemProxy section */
		4E1112112A95F11100D4E550 /* PBXContainerItemProxy */ = {
			isa = PBXContainerItemProxy;
			containerPortal = 4E1111EF2A95F11000D4E550 /* Project object */;
			proxyType = 1;
			remoteGlobalIDString = 4E1111F62A95F11000D4E550;
			remoteInfo = ToDO;
		};
		4E11121B2A95F11100D4E550 /* PBXContainerItemProxy */ = {
			isa = PBXContainerItemProxy;
			containerPortal = 4E1111EF2A95F11000D4E550 /* Project object */;
			proxyType = 1;
			remoteGlobalIDString = 4E1111F62A95F11000D4E550;
			remoteInfo = ToDO;
		};
/* End PBXContainerItemProxy section */

/* Begin PBXFileReference section */
		4E1111F72A95F11000D4E550 /* ToDO.app */ = {isa = PBXFileReference; explicitFileType = wrapper.application; includeInIndex = 0; path = ToDO.app; sourceTree = BUILT_PRODUCTS_DIR; };
		4E1111FA2A95F11000D4E550 /* AppDelegate.swift */ = {isa = PBXFileReference; lastKnownFileType = sourcecode.swift; path = AppDelegate.swift; sourceTree = "<group>"; };
		4E1111FC2A95F11000D4E550 /* SceneDelegate.swift */ = {isa = PBXFileReference; lastKnownFileType = sourcecode.swift; path = SceneDelegate.swift; sourceTree = "<group>"; };
		4E1111FE2A95F11000D4E550 /* ViewController.swift */ = {isa = PBXFileReference; lastKnownFileType = sourcecode.swift; path = ViewController.swift; sourceTree = "<group>"; };
		4E1112042A95F11000D4E550 /* ToDO.xcdatamodel */ = {isa = PBXFileReference; lastKnownFileType = wrapper.xcdatamodel; path = ToDO.xcdatamodel; sourceTree = "<group>"; };
		4E1112062A95F11100D4E550 /* Assets.xcassets */ = {isa = PBXFileReference; lastKnownFileType = folder.assetcatalog; path = Assets.xcassets; sourceTree = "<group>"; };
		4E1112092A95F11100D4E550 /* Base */ = {isa = PBXFileReference; lastKnownFileType = file.storyboard; name = Base; path = Base.lproj/LaunchScreen.storyboard; sourceTree = "<group>"; };
		4E11120B2A95F11100D4E550 /* Info.plist */ = {isa = PBXFileReference; lastKnownFileType = text.plist.xml; path = Info.plist; sourceTree = "<group>"; };
		4E1112102A95F11100D4E550 /* ToDOTests.xctest */ = {isa = PBXFileReference; explicitFileType = wrapper.cfbundle; includeInIndex = 0; path = ToDOTests.xctest; sourceTree = BUILT_PRODUCTS_DIR; };
		4E1112142A95F11100D4E550 /* ToDOTests.swift */ = {isa = PBXFileReference; lastKnownFileType = sourcecode.swift; path = ToDOTests.swift; sourceTree = "<group>"; };
		4E11121A2A95F11100D4E550 /* ToDOUITests.xctest */ = {isa = PBXFileReference; explicitFileType = wrapper.cfbundle; includeInIndex = 0; path = ToDOUITests.xctest; sourceTree = BUILT_PRODUCTS_DIR; };
		4E11121E2A95F11100D4E550 /* ToDOUITests.swift */ = {isa = PBXFileReference; lastKnownFileType = sourcecode.swift; path = ToDOUITests.swift; sourceTree = "<group>"; };
		4E1112202A95F11100D4E550 /* ToDOUITestsLaunchTests.swift */ = {isa = PBXFileReference; lastKnownFileType = sourcecode.swift; path = ToDOUITestsLaunchTests.swift; sourceTree = "<group>"; };
		4E1112342A97487300D4E550 /* TodoCell.swift */ = {isa = PBXFileReference; lastKnownFileType = sourcecode.swift; path = TodoCell.swift; sourceTree = "<group>"; };
		4E1112392A97512D00D4E550 /* MainVC.swift */ = {isa = PBXFileReference; lastKnownFileType = sourcecode.swift; path = MainVC.swift; sourceTree = "<group>"; };
		4E11123B2A9C6D5300D4E550 /* UserDefaultsManager.swift */ = {isa = PBXFileReference; lastKnownFileType = sourcecode.swift; path = UserDefaultsManager.swift; sourceTree = "<group>"; };
		4E11123D2A9C6D9E00D4E550 /* petViewController.swift */ = {isa = PBXFileReference; lastKnownFileType = sourcecode.swift; path = petViewController.swift; sourceTree = "<group>"; };
		4E11123F2A9C994C00D4E550 /* DoneViewController.swift */ = {isa = PBXFileReference; lastKnownFileType = sourcecode.swift; path = DoneViewController.swift; sourceTree = "<group>"; };
		4E1112412A9CB58D00D4E550 /* DateManager.swift */ = {isa = PBXFileReference; lastKnownFileType = sourcecode.swift; path = DateManager.swift; sourceTree = "<group>"; };
		4E1112432A9D9B7900D4E550 /* Section.swift */ = {isa = PBXFileReference; lastKnownFileType = sourcecode.swift; path = Section.swift; sourceTree = "<group>"; };
/* End PBXFileReference section */

/* Begin PBXFrameworksBuildPhase section */
		4E1111F42A95F11000D4E550 /* Frameworks */ = {
			isa = PBXFrameworksBuildPhase;
			buildActionMask = 2147483647;
			files = (
				4E1112382A974D9B00D4E550 /* SnapKit in Frameworks */,
			);
			runOnlyForDeploymentPostprocessing = 0;
		};
		4E11120D2A95F11100D4E550 /* Frameworks */ = {
			isa = PBXFrameworksBuildPhase;
			buildActionMask = 2147483647;
			files = (
			);
			runOnlyForDeploymentPostprocessing = 0;
		};
		4E1112172A95F11100D4E550 /* Frameworks */ = {
			isa = PBXFrameworksBuildPhase;
			buildActionMask = 2147483647;
			files = (
			);
			runOnlyForDeploymentPostprocessing = 0;
		};
/* End PBXFrameworksBuildPhase section */

/* Begin PBXGroup section */
		4E1111EE2A95F11000D4E550 = {
			isa = PBXGroup;
			children = (
				4E11123B2A9C6D5300D4E550 /* UserDefaultsManager.swift */,
				4E1112432A9D9B7900D4E550 /* Section.swift */,
				4E11123D2A9C6D9E00D4E550 /* petViewController.swift */,
				4E1112392A97512D00D4E550 /* MainVC.swift */,
				4E1111F92A95F11000D4E550 /* ToDO */,
				4E1112132A95F11100D4E550 /* ToDOTests */,
				4E11121D2A95F11100D4E550 /* ToDOUITests */,
				4E1111F82A95F11000D4E550 /* Products */,
			);
			sourceTree = "<group>";
		};
		4E1111F82A95F11000D4E550 /* Products */ = {
			isa = PBXGroup;
			children = (
				4E1111F72A95F11000D4E550 /* ToDO.app */,
				4E1112102A95F11100D4E550 /* ToDOTests.xctest */,
				4E11121A2A95F11100D4E550 /* ToDOUITests.xctest */,
			);
			name = Products;
			sourceTree = "<group>";
		};
		4E1111F92A95F11000D4E550 /* ToDO */ = {
			isa = PBXGroup;
			children = (
				4E1111FA2A95F11000D4E550 /* AppDelegate.swift */,
				4E1111FC2A95F11000D4E550 /* SceneDelegate.swift */,
				4E1111FE2A95F11000D4E550 /* ViewController.swift */,
				4E1112412A9CB58D00D4E550 /* DateManager.swift */,
				4E11123F2A9C994C00D4E550 /* DoneViewController.swift */,
				4E1112342A97487300D4E550 /* TodoCell.swift */,
				4E1112062A95F11100D4E550 /* Assets.xcassets */,
				4E1112082A95F11100D4E550 /* LaunchScreen.storyboard */,
				4E11120B2A95F11100D4E550 /* Info.plist */,
				4E1112032A95F11000D4E550 /* ToDO.xcdatamodeld */,
			);
			path = ToDO;
			sourceTree = "<group>";
		};
		4E1112132A95F11100D4E550 /* ToDOTests */ = {
			isa = PBXGroup;
			children = (
				4E1112142A95F11100D4E550 /* ToDOTests.swift */,
			);
			path = ToDOTests;
			sourceTree = "<group>";
		};
		4E11121D2A95F11100D4E550 /* ToDOUITests */ = {
			isa = PBXGroup;
			children = (
				4E11121E2A95F11100D4E550 /* ToDOUITests.swift */,
				4E1112202A95F11100D4E550 /* ToDOUITestsLaunchTests.swift */,
			);
			path = ToDOUITests;
			sourceTree = "<group>";
		};
/* End PBXGroup section */

/* Begin PBXNativeTarget section */
		4E1111F62A95F11000D4E550 /* ToDO */ = {
			isa = PBXNativeTarget;
			buildConfigurationList = 4E1112242A95F11100D4E550 /* Build configuration list for PBXNativeTarget "ToDO" */;
			buildPhases = (
				4E1111F32A95F11000D4E550 /* Sources */,
				4E1111F42A95F11000D4E550 /* Frameworks */,
				4E1111F52A95F11000D4E550 /* Resources */,
			);
			buildRules = (
			);
			dependencies = (
			);
			name = ToDO;
			packageProductDependencies = (
				4E1112372A974D9B00D4E550 /* SnapKit */,
			);
			productName = ToDO;
			productReference = 4E1111F72A95F11000D4E550 /* ToDO.app */;
			productType = "com.apple.product-type.application";
		};
		4E11120F2A95F11100D4E550 /* ToDOTests */ = {
			isa = PBXNativeTarget;
			buildConfigurationList = 4E1112272A95F11100D4E550 /* Build configuration list for PBXNativeTarget "ToDOTests" */;
			buildPhases = (
				4E11120C2A95F11100D4E550 /* Sources */,
				4E11120D2A95F11100D4E550 /* Frameworks */,
				4E11120E2A95F11100D4E550 /* Resources */,
			);
			buildRules = (
			);
			dependencies = (
				4E1112122A95F11100D4E550 /* PBXTargetDependency */,
			);
			name = ToDOTests;
			productName = ToDOTests;
			productReference = 4E1112102A95F11100D4E550 /* ToDOTests.xctest */;
			productType = "com.apple.product-type.bundle.unit-test";
		};
		4E1112192A95F11100D4E550 /* ToDOUITests */ = {
			isa = PBXNativeTarget;
			buildConfigurationList = 4E11122A2A95F11100D4E550 /* Build configuration list for PBXNativeTarget "ToDOUITests" */;
			buildPhases = (
				4E1112162A95F11100D4E550 /* Sources */,
				4E1112172A95F11100D4E550 /* Frameworks */,
				4E1112182A95F11100D4E550 /* Resources */,
			);
			buildRules = (
			);
			dependencies = (
				4E11121C2A95F11100D4E550 /* PBXTargetDependency */,
			);
			name = ToDOUITests;
			productName = ToDOUITests;
			productReference = 4E11121A2A95F11100D4E550 /* ToDOUITests.xctest */;
			productType = "com.apple.product-type.bundle.ui-testing";
		};
/* End PBXNativeTarget section */

/* Begin PBXProject section */
		4E1111EF2A95F11000D4E550 /* Project object */ = {
			isa = PBXProject;
			attributes = {
				BuildIndependentTargetsInParallel = 1;
				LastSwiftUpdateCheck = 1430;
				LastUpgradeCheck = 1430;
				TargetAttributes = {
					4E1111F62A95F11000D4E550 = {
						CreatedOnToolsVersion = 14.3.1;
					};
					4E11120F2A95F11100D4E550 = {
						CreatedOnToolsVersion = 14.3.1;
						TestTargetID = 4E1111F62A95F11000D4E550;
					};
					4E1112192A95F11100D4E550 = {
						CreatedOnToolsVersion = 14.3.1;
						TestTargetID = 4E1111F62A95F11000D4E550;
					};
				};
			};
			buildConfigurationList = 4E1111F22A95F11000D4E550 /* Build configuration list for PBXProject "ToDO" */;
			compatibilityVersion = "Xcode 14.0";
			developmentRegion = en;
			hasScannedForEncodings = 0;
			knownRegions = (
				en,
				Base,
			);
			mainGroup = 4E1111EE2A95F11000D4E550;
			packageReferences = (
				4E1112362A974D9B00D4E550 /* XCRemoteSwiftPackageReference "SnapKit" */,
			);
			productRefGroup = 4E1111F82A95F11000D4E550 /* Products */;
			projectDirPath = "";
			projectRoot = "";
			targets = (
				4E1111F62A95F11000D4E550 /* ToDO */,
				4E11120F2A95F11100D4E550 /* ToDOTests */,
				4E1112192A95F11100D4E550 /* ToDOUITests */,
			);
		};
/* End PBXProject section */

/* Begin PBXResourcesBuildPhase section */
		4E1111F52A95F11000D4E550 /* Resources */ = {
			isa = PBXResourcesBuildPhase;
			buildActionMask = 2147483647;
			files = (
				4E11120A2A95F11100D4E550 /* LaunchScreen.storyboard in Resources */,
				4E1112072A95F11100D4E550 /* Assets.xcassets in Resources */,
			);
			runOnlyForDeploymentPostprocessing = 0;
		};
		4E11120E2A95F11100D4E550 /* Resources */ = {
			isa = PBXResourcesBuildPhase;
			buildActionMask = 2147483647;
			files = (
			);
			runOnlyForDeploymentPostprocessing = 0;
		};
		4E1112182A95F11100D4E550 /* Resources */ = {
			isa = PBXResourcesBuildPhase;
			buildActionMask = 2147483647;
			files = (
			);
			runOnlyForDeploymentPostprocessing = 0;
		};
/* End PBXResourcesBuildPhase section */

/* Begin PBXSourcesBuildPhase section */
		4E1111F32A95F11000D4E550 /* Sources */ = {
			isa = PBXSourcesBuildPhase;
			buildActionMask = 2147483647;
			files = (
				4E1111FF2A95F11000D4E550 /* ViewController.swift in Sources */,
				4E1112422A9CB58D00D4E550 /* DateManager.swift in Sources */,
				4E11123A2A97512D00D4E550 /* MainVC.swift in Sources */,
				4E11123E2A9C6D9E00D4E550 /* petViewController.swift in Sources */,
				4E1112442A9D9B7900D4E550 /* Section.swift in Sources */,
				4E1111FB2A95F11000D4E550 /* AppDelegate.swift in Sources */,
				4E11123C2A9C6D5300D4E550 /* UserDefaultsManager.swift in Sources */,
				4E1111FD2A95F11000D4E550 /* SceneDelegate.swift in Sources */,
				4E1112352A97487300D4E550 /* TodoCell.swift in Sources */,
				4E1112402A9C994C00D4E550 /* DoneViewController.swift in Sources */,
				4E1112052A95F11000D4E550 /* ToDO.xcdatamodeld in Sources */,
			);
			runOnlyForDeploymentPostprocessing = 0;
		};
		4E11120C2A95F11100D4E550 /* Sources */ = {
			isa = PBXSourcesBuildPhase;
			buildActionMask = 2147483647;
			files = (
				4E1112152A95F11100D4E550 /* ToDOTests.swift in Sources */,
			);
			runOnlyForDeploymentPostprocessing = 0;
		};
		4E1112162A95F11100D4E550 /* Sources */ = {
			isa = PBXSourcesBuildPhase;
			buildActionMask = 2147483647;
			files = (
				4E1112212A95F11100D4E550 /* ToDOUITestsLaunchTests.swift in Sources */,
				4E11121F2A95F11100D4E550 /* ToDOUITests.swift in Sources */,
			);
			runOnlyForDeploymentPostprocessing = 0;
		};
/* End PBXSourcesBuildPhase section */

/* Begin PBXTargetDependency section */
		4E1112122A95F11100D4E550 /* PBXTargetDependency */ = {
			isa = PBXTargetDependency;
			target = 4E1111F62A95F11000D4E550 /* ToDO */;
			targetProxy = 4E1112112A95F11100D4E550 /* PBXContainerItemProxy */;
		};
		4E11121C2A95F11100D4E550 /* PBXTargetDependency */ = {
			isa = PBXTargetDependency;
			target = 4E1111F62A95F11000D4E550 /* ToDO */;
			targetProxy = 4E11121B2A95F11100D4E550 /* PBXContainerItemProxy */;
		};
/* End PBXTargetDependency section */

/* Begin PBXVariantGroup section */
		4E1112082A95F11100D4E550 /* LaunchScreen.storyboard */ = {
			isa = PBXVariantGroup;
			children = (
				4E1112092A95F11100D4E550 /* Base */,
			);
			name = LaunchScreen.storyboard;
			sourceTree = "<group>";
		};
/* End PBXVariantGroup section */

/* Begin XCBuildConfiguration section */
		4E1112222A95F11100D4E550 /* Debug */ = {
			isa = XCBuildConfiguration;
			buildSettings = {
				ALWAYS_SEARCH_USER_PATHS = NO;
				CLANG_ANALYZER_NONNULL = YES;
				CLANG_ANALYZER_NUMBER_OBJECT_CONVERSION = YES_AGGRESSIVE;
				CLANG_CXX_LANGUAGE_STANDARD = "gnu++20";
				CLANG_ENABLE_MODULES = YES;
				CLANG_ENABLE_OBJC_ARC = YES;
				CLANG_ENABLE_OBJC_WEAK = YES;
				CLANG_WARN_BLOCK_CAPTURE_AUTORELEASING = YES;
				CLANG_WARN_BOOL_CONVERSION = YES;
				CLANG_WARN_COMMA = YES;
				CLANG_WARN_CONSTANT_CONVERSION = YES;
				CLANG_WARN_DEPRECATED_OBJC_IMPLEMENTATIONS = YES;
				CLANG_WARN_DIRECT_OBJC_ISA_USAGE = YES_ERROR;
				CLANG_WARN_DOCUMENTATION_COMMENTS = YES;
				CLANG_WARN_EMPTY_BODY = YES;
				CLANG_WARN_ENUM_CONVERSION = YES;
				CLANG_WARN_INFINITE_RECURSION = YES;
				CLANG_WARN_INT_CONVERSION = YES;
				CLANG_WARN_NON_LITERAL_NULL_CONVERSION = YES;
				CLANG_WARN_OBJC_IMPLICIT_RETAIN_SELF = YES;
				CLANG_WARN_OBJC_LITERAL_CONVERSION = YES;
				CLANG_WARN_OBJC_ROOT_CLASS = YES_ERROR;
				CLANG_WARN_QUOTED_INCLUDE_IN_FRAMEWORK_HEADER = YES;
				CLANG_WARN_RANGE_LOOP_ANALYSIS = YES;
				CLANG_WARN_STRICT_PROTOTYPES = YES;
				CLANG_WARN_SUSPICIOUS_MOVE = YES;
				CLANG_WARN_UNGUARDED_AVAILABILITY = YES_AGGRESSIVE;
				CLANG_WARN_UNREACHABLE_CODE = YES;
				CLANG_WARN__DUPLICATE_METHOD_MATCH = YES;
				COPY_PHASE_STRIP = NO;
				DEBUG_INFORMATION_FORMAT = dwarf;
				ENABLE_STRICT_OBJC_MSGSEND = YES;
				ENABLE_TESTABILITY = YES;
				GCC_C_LANGUAGE_STANDARD = gnu11;
				GCC_DYNAMIC_NO_PIC = NO;
				GCC_NO_COMMON_BLOCKS = YES;
				GCC_OPTIMIZATION_LEVEL = 0;
				GCC_PREPROCESSOR_DEFINITIONS = (
					"DEBUG=1",
					"$(inherited)",
				);
				GCC_WARN_64_TO_32_BIT_CONVERSION = YES;
				GCC_WARN_ABOUT_RETURN_TYPE = YES_ERROR;
				GCC_WARN_UNDECLARED_SELECTOR = YES;
				GCC_WARN_UNINITIALIZED_AUTOS = YES_AGGRESSIVE;
				GCC_WARN_UNUSED_FUNCTION = YES;
				GCC_WARN_UNUSED_VARIABLE = YES;
				IPHONEOS_DEPLOYMENT_TARGET = 16.4;
				MTL_ENABLE_DEBUG_INFO = INCLUDE_SOURCE;
				MTL_FAST_MATH = YES;
				ONLY_ACTIVE_ARCH = YES;
				SDKROOT = iphoneos;
				SWIFT_ACTIVE_COMPILATION_CONDITIONS = DEBUG;
				SWIFT_OPTIMIZATION_LEVEL = "-Onone";
			};
			name = Debug;
		};
		4E1112232A95F11100D4E550 /* Release */ = {
			isa = XCBuildConfiguration;
			buildSettings = {
				ALWAYS_SEARCH_USER_PATHS = NO;
				CLANG_ANALYZER_NONNULL = YES;
				CLANG_ANALYZER_NUMBER_OBJECT_CONVERSION = YES_AGGRESSIVE;
				CLANG_CXX_LANGUAGE_STANDARD = "gnu++20";
				CLANG_ENABLE_MODULES = YES;
				CLANG_ENABLE_OBJC_ARC = YES;
				CLANG_ENABLE_OBJC_WEAK = YES;
				CLANG_WARN_BLOCK_CAPTURE_AUTORELEASING = YES;
				CLANG_WARN_BOOL_CONVERSION = YES;
				CLANG_WARN_COMMA = YES;
				CLANG_WARN_CONSTANT_CONVERSION = YES;
				CLANG_WARN_DEPRECATED_OBJC_IMPLEMENTATIONS = YES;
				CLANG_WARN_DIRECT_OBJC_ISA_USAGE = YES_ERROR;
				CLANG_WARN_DOCUMENTATION_COMMENTS = YES;
				CLANG_WARN_EMPTY_BODY = YES;
				CLANG_WARN_ENUM_CONVERSION = YES;
				CLANG_WARN_INFINITE_RECURSION = YES;
				CLANG_WARN_INT_CONVERSION = YES;
				CLANG_WARN_NON_LITERAL_NULL_CONVERSION = YES;
				CLANG_WARN_OBJC_IMPLICIT_RETAIN_SELF = YES;
				CLANG_WARN_OBJC_LITERAL_CONVERSION = YES;
				CLANG_WARN_OBJC_ROOT_CLASS = YES_ERROR;
				CLANG_WARN_QUOTED_INCLUDE_IN_FRAMEWORK_HEADER = YES;
				CLANG_WARN_RANGE_LOOP_ANALYSIS = YES;
				CLANG_WARN_STRICT_PROTOTYPES = YES;
				CLANG_WARN_SUSPICIOUS_MOVE = YES;
				CLANG_WARN_UNGUARDED_AVAILABILITY = YES_AGGRESSIVE;
				CLANG_WARN_UNREACHABLE_CODE = YES;
				CLANG_WARN__DUPLICATE_METHOD_MATCH = YES;
				COPY_PHASE_STRIP = NO;
				DEBUG_INFORMATION_FORMAT = "dwarf-with-dsym";
				ENABLE_NS_ASSERTIONS = NO;
				ENABLE_STRICT_OBJC_MSGSEND = YES;
				GCC_C_LANGUAGE_STANDARD = gnu11;
				GCC_NO_COMMON_BLOCKS = YES;
				GCC_WARN_64_TO_32_BIT_CONVERSION = YES;
				GCC_WARN_ABOUT_RETURN_TYPE = YES_ERROR;
				GCC_WARN_UNDECLARED_SELECTOR = YES;
				GCC_WARN_UNINITIALIZED_AUTOS = YES_AGGRESSIVE;
				GCC_WARN_UNUSED_FUNCTION = YES;
				GCC_WARN_UNUSED_VARIABLE = YES;
				IPHONEOS_DEPLOYMENT_TARGET = 16.4;
				MTL_ENABLE_DEBUG_INFO = NO;
				MTL_FAST_MATH = YES;
				SDKROOT = iphoneos;
				SWIFT_COMPILATION_MODE = wholemodule;
				SWIFT_OPTIMIZATION_LEVEL = "-O";
				VALIDATE_PRODUCT = YES;
			};
			name = Release;
		};
		4E1112252A95F11100D4E550 /* Debug */ = {
			isa = XCBuildConfiguration;
			buildSettings = {
				ASSETCATALOG_COMPILER_APPICON_NAME = AppIcon;
				ASSETCATALOG_COMPILER_GLOBAL_ACCENT_COLOR_NAME = AccentColor;
				CODE_SIGN_STYLE = Automatic;
				CURRENT_PROJECT_VERSION = 1;
				GENERATE_INFOPLIST_FILE = YES;
				INFOPLIST_FILE = ToDO/Info.plist;
				INFOPLIST_KEY_UIApplicationSupportsIndirectInputEvents = YES;
				INFOPLIST_KEY_UILaunchStoryboardName = LaunchScreen;
				INFOPLIST_KEY_UISupportedInterfaceOrientations_iPad = "UIInterfaceOrientationPortrait UIInterfaceOrientationPortraitUpsideDown UIInterfaceOrientationLandscapeLeft UIInterfaceOrientationLandscapeRight";
				INFOPLIST_KEY_UISupportedInterfaceOrientations_iPhone = "UIInterfaceOrientationPortrait UIInterfaceOrientationLandscapeLeft UIInterfaceOrientationLandscapeRight";
				LD_RUNPATH_SEARCH_PATHS = (
					"$(inherited)",
					"@executable_path/Frameworks",
				);
				MARKETING_VERSION = 1.0;
				PRODUCT_BUNDLE_IDENTIFIER = "https---github.com-zzangzzangguy.ToDO";
				PRODUCT_NAME = "$(TARGET_NAME)";
				SWIFT_EMIT_LOC_STRINGS = YES;
				SWIFT_VERSION = 5.0;
				TARGETED_DEVICE_FAMILY = "1,2";
			};
			name = Debug;
		};
		4E1112262A95F11100D4E550 /* Release */ = {
			isa = XCBuildConfiguration;
			buildSettings = {
				ASSETCATALOG_COMPILER_APPICON_NAME = AppIcon;
				ASSETCATALOG_COMPILER_GLOBAL_ACCENT_COLOR_NAME = AccentColor;
				CODE_SIGN_STYLE = Automatic;
				CURRENT_PROJECT_VERSION = 1;
				GENERATE_INFOPLIST_FILE = YES;
				INFOPLIST_FILE = ToDO/Info.plist;
				INFOPLIST_KEY_UIApplicationSupportsIndirectInputEvents = YES;
				INFOPLIST_KEY_UILaunchStoryboardName = LaunchScreen;
				INFOPLIST_KEY_UISupportedInterfaceOrientations_iPad = "UIInterfaceOrientationPortrait UIInterfaceOrientationPortraitUpsideDown UIInterfaceOrientationLandscapeLeft UIInterfaceOrientationLandscapeRight";
				INFOPLIST_KEY_UISupportedInterfaceOrientations_iPhone = "UIInterfaceOrientationPortrait UIInterfaceOrientationLandscapeLeft UIInterfaceOrientationLandscapeRight";
				LD_RUNPATH_SEARCH_PATHS = (
					"$(inherited)",
					"@executable_path/Frameworks",
				);
				MARKETING_VERSION = 1.0;
				PRODUCT_BUNDLE_IDENTIFIER = "https---github.com-zzangzzangguy.ToDO";
				PRODUCT_NAME = "$(TARGET_NAME)";
				SWIFT_EMIT_LOC_STRINGS = YES;
				SWIFT_VERSION = 5.0;
				TARGETED_DEVICE_FAMILY = "1,2";
			};
			name = Release;
		};
		4E1112282A95F11100D4E550 /* Debug */ = {
			isa = XCBuildConfiguration;
			buildSettings = {
				ALWAYS_EMBED_SWIFT_STANDARD_LIBRARIES = YES;
				BUNDLE_LOADER = "$(TEST_HOST)";
				CODE_SIGN_STYLE = Automatic;
				CURRENT_PROJECT_VERSION = 1;
				GENERATE_INFOPLIST_FILE = YES;
				IPHONEOS_DEPLOYMENT_TARGET = 16.4;
				MARKETING_VERSION = 1.0;
				PRODUCT_BUNDLE_IDENTIFIER = "https---github.com-zzangzzangguy.ToDOTests";
				PRODUCT_NAME = "$(TARGET_NAME)";
				SWIFT_EMIT_LOC_STRINGS = NO;
				SWIFT_VERSION = 5.0;
				TARGETED_DEVICE_FAMILY = "1,2";
				TEST_HOST = "$(BUILT_PRODUCTS_DIR)/ToDO.app/$(BUNDLE_EXECUTABLE_FOLDER_PATH)/ToDO";
			};
			name = Debug;
		};
		4E1112292A95F11100D4E550 /* Release */ = {
			isa = XCBuildConfiguration;
			buildSettings = {
				ALWAYS_EMBED_SWIFT_STANDARD_LIBRARIES = YES;
				BUNDLE_LOADER = "$(TEST_HOST)";
				CODE_SIGN_STYLE = Automatic;
				CURRENT_PROJECT_VERSION = 1;
				GENERATE_INFOPLIST_FILE = YES;
				IPHONEOS_DEPLOYMENT_TARGET = 16.4;
				MARKETING_VERSION = 1.0;
				PRODUCT_BUNDLE_IDENTIFIER = "https---github.com-zzangzzangguy.ToDOTests";
				PRODUCT_NAME = "$(TARGET_NAME)";
				SWIFT_EMIT_LOC_STRINGS = NO;
				SWIFT_VERSION = 5.0;
				TARGETED_DEVICE_FAMILY = "1,2";
				TEST_HOST = "$(BUILT_PRODUCTS_DIR)/ToDO.app/$(BUNDLE_EXECUTABLE_FOLDER_PATH)/ToDO";
			};
			name = Release;
		};
		4E11122B2A95F11100D4E550 /* Debug */ = {
			isa = XCBuildConfiguration;
			buildSettings = {
				ALWAYS_EMBED_SWIFT_STANDARD_LIBRARIES = YES;
				CODE_SIGN_STYLE = Automatic;
				CURRENT_PROJECT_VERSION = 1;
				GENERATE_INFOPLIST_FILE = YES;
				MARKETING_VERSION = 1.0;
				PRODUCT_BUNDLE_IDENTIFIER = "https---github.com-zzangzzangguy.ToDOUITests";
				PRODUCT_NAME = "$(TARGET_NAME)";
				SWIFT_EMIT_LOC_STRINGS = NO;
				SWIFT_VERSION = 5.0;
				TARGETED_DEVICE_FAMILY = "1,2";
				TEST_TARGET_NAME = ToDO;
			};
			name = Debug;
		};
		4E11122C2A95F11100D4E550 /* Release */ = {
			isa = XCBuildConfiguration;
			buildSettings = {
				ALWAYS_EMBED_SWIFT_STANDARD_LIBRARIES = YES;
				CODE_SIGN_STYLE = Automatic;
				CURRENT_PROJECT_VERSION = 1;
				GENERATE_INFOPLIST_FILE = YES;
				MARKETING_VERSION = 1.0;
				PRODUCT_BUNDLE_IDENTIFIER = "https---github.com-zzangzzangguy.ToDOUITests";
				PRODUCT_NAME = "$(TARGET_NAME)";
				SWIFT_EMIT_LOC_STRINGS = NO;
				SWIFT_VERSION = 5.0;
				TARGETED_DEVICE_FAMILY = "1,2";
				TEST_TARGET_NAME = ToDO;
			};
			name = Release;
		};
/* End XCBuildConfiguration section */

/* Begin XCConfigurationList section */
		4E1111F22A95F11000D4E550 /* Build configuration list for PBXProject "ToDO" */ = {
			isa = XCConfigurationList;
			buildConfigurations = (
				4E1112222A95F11100D4E550 /* Debug */,
				4E1112232A95F11100D4E550 /* Release */,
			);
			defaultConfigurationIsVisible = 0;
			defaultConfigurationName = Release;
		};
		4E1112242A95F11100D4E550 /* Build configuration list for PBXNativeTarget "ToDO" */ = {
			isa = XCConfigurationList;
			buildConfigurations = (
				4E1112252A95F11100D4E550 /* Debug */,
				4E1112262A95F11100D4E550 /* Release */,
			);
			defaultConfigurationIsVisible = 0;
			defaultConfigurationName = Release;
		};
		4E1112272A95F11100D4E550 /* Build configuration list for PBXNativeTarget "ToDOTests" */ = {
			isa = XCConfigurationList;
			buildConfigurations = (
				4E1112282A95F11100D4E550 /* Debug */,
				4E1112292A95F11100D4E550 /* Release */,
			);
			defaultConfigurationIsVisible = 0;
			defaultConfigurationName = Release;
		};
		4E11122A2A95F11100D4E550 /* Build configuration list for PBXNativeTarget "ToDOUITests" */ = {
			isa = XCConfigurationList;
			buildConfigurations = (
				4E11122B2A95F11100D4E550 /* Debug */,
				4E11122C2A95F11100D4E550 /* Release */,
			);
			defaultConfigurationIsVisible = 0;
			defaultConfigurationName = Release;
		};
/* End XCConfigurationList section */

/* Begin XCRemoteSwiftPackageReference section */
		4E1112362A974D9B00D4E550 /* XCRemoteSwiftPackageReference "SnapKit" */ = {
			isa = XCRemoteSwiftPackageReference;
			repositoryURL = "https://github.com/SnapKit/SnapKit";
			requirement = {
				kind = upToNextMajorVersion;
				minimumVersion = 5.0.0;
			};
		};
/* End XCRemoteSwiftPackageReference section */

/* Begin XCSwiftPackageProductDependency section */
		4E1112372A974D9B00D4E550 /* SnapKit */ = {
			isa = XCSwiftPackageProductDependency;
			package = 4E1112362A974D9B00D4E550 /* XCRemoteSwiftPackageReference "SnapKit" */;
			productName = SnapKit;
		};
/* End XCSwiftPackageProductDependency section */

/* Begin XCVersionGroup section */
		4E1112032A95F11000D4E550 /* ToDO.xcdatamodeld */ = {
			isa = XCVersionGroup;
			children = (
				4E1112042A95F11000D4E550 /* ToDO.xcdatamodel */,
			);
			currentVersion = 4E1112042A95F11000D4E550 /* ToDO.xcdatamodel */;
			path = ToDO.xcdatamodeld;
			sourceTree = "<group>";
			versionGroupType = wrapper.xcdatamodel;
		};
/* End XCVersionGroup section */
	};
	rootObject = 4E1111EF2A95F11000D4E550 /* Project object */;
}
